
Microsoft Visual Studio Solution File, Format Version 12.00
# Visual Studio Version 17
VisualStudioVersion = 17.14.36518.9
MinimumVisualStudioVersion = 10.0.40219.1
Project("{FAE04EC0-301F-11D3-BF4B-00C04F79EFBC}") = "OpenSense.Tests", "OpenSense.Tests\OpenSense.Tests.csproj", "{58B56132-52D9-425B-8F8B-4F80EAA8B2EE}"
EndProject
Project("{FAE04EC0-301F-11D3-BF4B-00C04F79EFBC}") = "OpenSense", "OpenSense\OpenSense.csproj", "{B4F6C14D-FF54-4712-AF1F-48200F0FAD9E}"
EndProject
Global
	GlobalSection(SolutionConfigurationPlatforms) = preSolution
		Debug|Any CPU = Debug|Any CPU
		Debug|x64 = Debug|x64
		Debug|x86 = Debug|x86
		Release|Any CPU = Release|Any CPU
		Release|x64 = Release|x64
		Release|x86 = Release|x86
	EndGlobalSection
	GlobalSection(ProjectConfigurationPlatforms) = postSolution
		{58B56132-52D9-425B-8F8B-4F80EAA8B2EE}.Debug|Any CPU.ActiveCfg = Debug|Any CPU
		{58B56132-52D9-425B-8F8B-4F80EAA8B2EE}.Debug|Any CPU.Build.0 = Debug|Any CPU
		{58B56132-52D9-425B-8F8B-4F80EAA8B2EE}.Debug|x64.ActiveCfg = Debug|Any CPU
		{58B56132-52D9-425B-8F8B-4F80EAA8B2EE}.Debug|x64.Build.0 = Debug|Any CPU
		{58B56132-52D9-425B-8F8B-4F80EAA8B2EE}.Debug|x86.ActiveCfg = Debug|Any CPU
		{58B56132-52D9-425B-8F8B-4F80EAA8B2EE}.Debug|x86.Build.0 = Debug|Any CPU
		{58B56132-52D9-425B-8F8B-4F80EAA8B2EE}.Release|Any CPU.ActiveCfg = Release|Any CPU
		{58B56132-52D9-425B-8F8B-4F80EAA8B2EE}.Release|Any CPU.Build.0 = Release|Any CPU
		{58B56132-52D9-425B-8F8B-4F80EAA8B2EE}.Release|x64.ActiveCfg = Release|Any CPU
		{58B56132-52D9-425B-8F8B-4F80EAA8B2EE}.Release|x64.Build.0 = Release|Any CPU
		{58B56132-52D9-425B-8F8B-4F80EAA8B2EE}.Release|x86.ActiveCfg = Release|Any CPU
		{58B56132-52D9-425B-8F8B-4F80EAA8B2EE}.Release|x86.Build.0 = Release|Any CPU
		{B4F6C14D-FF54-4712-AF1F-48200F0FAD9E}.Debug|Any CPU.ActiveCfg = Debug|Any CPU
		{B4F6C14D-FF54-4712-AF1F-48200F0FAD9E}.Debug|Any CPU.Build.0 = Debug|Any CPU
		{B4F6C14D-FF54-4712-AF1F-48200F0FAD9E}.Debug|x64.ActiveCfg = Debug|Any CPU
		{B4F6C14D-FF54-4712-AF1F-48200F0FAD9E}.Debug|x64.Build.0 = Debug|Any CPU
		{B4F6C14D-FF54-4712-AF1F-48200F0FAD9E}.Debug|x86.ActiveCfg = Debug|Any CPU
		{B4F6C14D-FF54-4712-AF1F-48200F0FAD9E}.Debug|x86.Build.0 = Debug|Any CPU
		{B4F6C14D-FF54-4712-AF1F-48200F0FAD9E}.Release|Any CPU.ActiveCfg = Release|Any CPU
		{B4F6C14D-FF54-4712-AF1F-48200F0FAD9E}.Release|Any CPU.Build.0 = Release|Any CPU
		{B4F6C14D-FF54-4712-AF1F-48200F0FAD9E}.Release|x64.ActiveCfg = Release|Any CPU
		{B4F6C14D-FF54-4712-AF1F-48200F0FAD9E}.Release|x64.Build.0 = Release|Any CPU
		{B4F6C14D-FF54-4712-AF1F-48200F0FAD9E}.Release|x86.ActiveCfg = Release|Any CPU
		{B4F6C14D-FF54-4712-AF1F-48200F0FAD9E}.Release|x86.Build.0 = Release|Any CPU
	EndGlobalSection
	GlobalSection(SolutionProperties) = preSolution
		HideSolutionNode = FALSE
	EndGlobalSection
	GlobalSection(ExtensibilityGlobals) = postSolution
		SolutionGuid = {5710E3BE-2EC2-433E-B88E-E319EA6EE32E}
	EndGlobalSection
EndGlobal
