
Microsoft Visual Studio Solution File, Format Version 12.00
# Visual Studio Version 17
VisualStudioVersion = 17.14.36408.4 d17.14
MinimumVisualStudioVersion = 10.0.40219.1
Project("{FAE04EC0-301F-11D3-BF4B-00C04F79EFBC}") = "OpenSense", "OpenSense.csproj", "{01A94AC0-ECCB-40A8-9854-7682B7C60FB0}"
EndProject
Global
	GlobalSection(SolutionConfigurationPlatforms) = preSolution
		Debug|Any CPU = Debug|Any CPU
		Release|Any CPU = Release|Any CPU
	EndGlobalSection
	GlobalSection(ProjectConfigurationPlatforms) = postSolution
		{01A94AC0-ECCB-40A8-9854-7682B7C60FB0}.Debug|Any CPU.ActiveCfg = Debug|Any CPU
		{01A94AC0-ECCB-40A8-9854-7682B7C60FB0}.Debug|Any CPU.Build.0 = Debug|Any CPU
		{01A94AC0-ECCB-40A8-9854-7682B7C60FB0}.Release|Any CPU.ActiveCfg = Release|Any CPU
		{01A94AC0-ECCB-40A8-9854-7682B7C60FB0}.Release|Any CPU.Build.0 = Release|Any CPU
	EndGlobalSection
	GlobalSection(SolutionProperties) = preSolution
		HideSolutionNode = FALSE
	EndGlobalSection
	GlobalSection(ExtensibilityGlobals) = postSolution
		SolutionGuid = {8C80B29D-8230-4A90-83F2-9266EB315BE0}
	EndGlobalSection
EndGlobal
