
Microsoft Visual Studio Solution File, Format Version 12.00
# Visual Studio Version 17
VisualStudioVersion = 17.14.36518.9
MinimumVisualStudioVersion = 10.0.40219.1
Project("{FAE04EC0-301F-11D3-BF4B-00C04F79EFBC}") = "OpenSense", "src\OpenSense\OpenSense.csproj", "{9447FD25-EC5E-5591-6393-58FAB5875772}"
EndProject
Project("{FAE04EC0-301F-11D3-BF4B-00C04F79EFBC}") = "Opensense.Tests", "src\Tests\Core.Tests\Opensense.Tests.csproj", "{3DFE4D52-7333-FE55-91C4-69AE7F3B3BD0}"
EndProject
Global
	GlobalSection(SolutionConfigurationPlatforms) = preSolution
		Debug|Any CPU = Debug|Any CPU
		Release|Any CPU = Release|Any CPU
	EndGlobalSection
	GlobalSection(ProjectConfigurationPlatforms) = postSolution
		{9447FD25-EC5E-5591-6393-58FAB5875772}.Debug|Any CPU.ActiveCfg = Debug|Any CPU
		{9447FD25-EC5E-5591-6393-58FAB5875772}.Debug|Any CPU.Build.0 = Debug|Any CPU
		{9447FD25-EC5E-5591-6393-58FAB5875772}.Release|Any CPU.ActiveCfg = Release|Any CPU
		{9447FD25-EC5E-5591-6393-58FAB5875772}.Release|Any CPU.Build.0 = Release|Any CPU
		{3DFE4D52-7333-FE55-91C4-69AE7F3B3BD0}.Debug|Any CPU.ActiveCfg = Debug|Any CPU
		{3DFE4D52-7333-FE55-91C4-69AE7F3B3BD0}.Debug|Any CPU.Build.0 = Debug|Any CPU
		{3DFE4D52-7333-FE55-91C4-69AE7F3B3BD0}.Release|Any CPU.ActiveCfg = Release|Any CPU
		{3DFE4D52-7333-FE55-91C4-69AE7F3B3BD0}.Release|Any CPU.Build.0 = Release|Any CPU
	EndGlobalSection
	GlobalSection(SolutionProperties) = preSolution
		HideSolutionNode = FALSE
	EndGlobalSection
	GlobalSection(ExtensibilityGlobals) = postSolution
		SolutionGuid = {5710E3BE-2EC2-433E-B88E-E319EA6EE32E}
	EndGlobalSection
EndGlobal
